
Microsoft Visual Studio Solution File, Format Version 12.00
# Visual Studio 15
VisualStudioVersion = 15.0.28307.136
MinimumVisualStudioVersion = 10.0.40219.1
Project("{FAE04EC0-301F-11D3-BF4B-00C04F79EFBC}") = "Raytracer", "Raytracer\Raytracer.csproj", "{C9A612D4-4EE7-4F61-9C62-D1C3CF057F09}"
EndProject
Global
	GlobalSection(SolutionConfigurationPlatforms) = preSolution
		Debug|Any CPU = Debug|Any CPU
		Release|Any CPU = Release|Any CPU
	EndGlobalSection
	GlobalSection(ProjectConfigurationPlatforms) = postSolution
		{C9A612D4-4EE7-4F61-9C62-D1C3CF057F09}.Debug|Any CPU.ActiveCfg = Debug|Any CPU
		{C9A612D4-4EE7-4F61-9C62-D1C3CF057F09}.Debug|Any CPU.Build.0 = Debug|Any CPU
		{C9A612D4-4EE7-4F61-9C62-D1C3CF057F09}.Release|Any CPU.ActiveCfg = Release|Any CPU
		{C9A612D4-4EE7-4F61-9C62-D1C3CF057F09}.Release|Any CPU.Build.0 = Release|Any CPU
	EndGlobalSection
	GlobalSection(SolutionProperties) = preSolution
		HideSolutionNode = FALSE
	EndGlobalSection
	GlobalSection(ExtensibilityGlobals) = postSolution
		SolutionGuid = {83D7EFC1-4719-4EBC-AC91-6F407A02FF51}
	EndGlobalSection
EndGlobal
